
Microsoft Visual Studio Solution File, Format Version 12.00
# Visual Studio Version 16
VisualStudioVersion = 16.0.30114.105
MinimumVisualStudioVersion = 10.0.40219.1
Project("{FAE04EC0-301F-11D3-BF4B-00C04F79EFBC}") = "PokeUI", "PokeUI\PokeUI.csproj", "{4FAC7DD3-39EB-484D-BEB6-7A8468BE9179}"
EndProject
Project("{FAE04EC0-301F-11D3-BF4B-00C04F79EFBC}") = "PokeModel", "PokeModel\PokeModel.csproj", "{2FD72489-7EAE-4C37-97B9-A00CC404E752}"
EndProject
Global
	GlobalSection(SolutionConfigurationPlatforms) = preSolution
		Debug|Any CPU = Debug|Any CPU
		Release|Any CPU = Release|Any CPU
	EndGlobalSection
	GlobalSection(SolutionProperties) = preSolution
		HideSolutionNode = FALSE
	EndGlobalSection
	GlobalSection(ProjectConfigurationPlatforms) = postSolution
		{4FAC7DD3-39EB-484D-BEB6-7A8468BE9179}.Debug|Any CPU.ActiveCfg = Debug|Any CPU
		{4FAC7DD3-39EB-484D-BEB6-7A8468BE9179}.Debug|Any CPU.Build.0 = Debug|Any CPU
		{4FAC7DD3-39EB-484D-BEB6-7A8468BE9179}.Release|Any CPU.ActiveCfg = Release|Any CPU
		{4FAC7DD3-39EB-484D-BEB6-7A8468BE9179}.Release|Any CPU.Build.0 = Release|Any CPU
		{2FD72489-7EAE-4C37-97B9-A00CC404E752}.Debug|Any CPU.ActiveCfg = Debug|Any CPU
		{2FD72489-7EAE-4C37-97B9-A00CC404E752}.Debug|Any CPU.Build.0 = Debug|Any CPU
		{2FD72489-7EAE-4C37-97B9-A00CC404E752}.Release|Any CPU.ActiveCfg = Release|Any CPU
		{2FD72489-7EAE-4C37-97B9-A00CC404E752}.Release|Any CPU.Build.0 = Release|Any CPU
	EndGlobalSection
EndGlobal
